
Microsoft Visual Studio Solution File, Format Version 12.00
# Visual Studio Version 17
VisualStudioVersion = 17.10.35027.167
MinimumVisualStudioVersion = 10.0.40219.1
Project("{FAE04EC0-301F-11D3-BF4B-00C04F79EFBC}") = "Clinic Queue", "Clinic Queue.csproj", "{084AA12B-0325-4498-9AAE-221316CD3D83}"
EndProject
Global
	GlobalSection(SolutionConfigurationPlatforms) = preSolution
		Debug|Any CPU = Debug|Any CPU
		Release|Any CPU = Release|Any CPU
	EndGlobalSection
	GlobalSection(ProjectConfigurationPlatforms) = postSolution
		{084AA12B-0325-4498-9AAE-221316CD3D83}.Debug|Any CPU.ActiveCfg = Debug|Any CPU
		{084AA12B-0325-4498-9AAE-221316CD3D83}.Debug|Any CPU.Build.0 = Debug|Any CPU
		{084AA12B-0325-4498-9AAE-221316CD3D83}.Release|Any CPU.ActiveCfg = Release|Any CPU
		{084AA12B-0325-4498-9AAE-221316CD3D83}.Release|Any CPU.Build.0 = Release|Any CPU
	EndGlobalSection
	GlobalSection(SolutionProperties) = preSolution
		HideSolutionNode = FALSE
	EndGlobalSection
	GlobalSection(ExtensibilityGlobals) = postSolution
		SolutionGuid = {D1A1A05E-775F-42A5-88A7-EC77C84B96B8}
	EndGlobalSection
EndGlobal
